
Microsoft Visual Studio Solution File, Format Version 12.00
# Visual Studio 2013
Project("{FAE04EC0-301F-11D3-BF4B-00C04F79EFBC}") = "UnityVS.cardGame.CSharp.Plugins", "UnityVS.cardGame.CSharp.Plugins.csproj", "{5422089B-6EAC-3D91-57C3-CC621AFFC54C}"
EndProject
Project("{FAE04EC0-301F-11D3-BF4B-00C04F79EFBC}") = "UnityVS.cardGame.CSharp", "UnityVS.cardGame.CSharp.csproj", "{82B0705A-0752-C1AE-4180-9AB5016C9D4B}"
EndProject
Project("{FAE04EC0-301F-11D3-BF4B-00C04F79EFBC}") = "UnityVS.cardGame.CSharp.Editor", "UnityVS.cardGame.CSharp.Editor.csproj", "{3B30AC95-88FE-DBD8-6551-59775C13D669}"
EndProject
Global
	GlobalSection(SolutionConfigurationPlatforms) = preSolution
		Debug|Any CPU = Debug|Any CPU
		Release|Any CPU = Release|Any CPU
	EndGlobalSection
	GlobalSection(ProjectConfigurationPlatforms) = postSolution
		{5422089B-6EAC-3D91-57C3-CC621AFFC54C}.Debug|Any CPU.ActiveCfg = Debug|Any CPU
		{5422089B-6EAC-3D91-57C3-CC621AFFC54C}.Debug|Any CPU.Build.0 = Debug|Any CPU
		{5422089B-6EAC-3D91-57C3-CC621AFFC54C}.Release|Any CPU.ActiveCfg = Release|Any CPU
		{5422089B-6EAC-3D91-57C3-CC621AFFC54C}.Release|Any CPU.Build.0 = Release|Any CPU
		{82B0705A-0752-C1AE-4180-9AB5016C9D4B}.Debug|Any CPU.ActiveCfg = Debug|Any CPU
		{82B0705A-0752-C1AE-4180-9AB5016C9D4B}.Debug|Any CPU.Build.0 = Debug|Any CPU
		{82B0705A-0752-C1AE-4180-9AB5016C9D4B}.Release|Any CPU.ActiveCfg = Release|Any CPU
		{82B0705A-0752-C1AE-4180-9AB5016C9D4B}.Release|Any CPU.Build.0 = Release|Any CPU
		{3B30AC95-88FE-DBD8-6551-59775C13D669}.Debug|Any CPU.ActiveCfg = Debug|Any CPU
		{3B30AC95-88FE-DBD8-6551-59775C13D669}.Debug|Any CPU.Build.0 = Debug|Any CPU
		{3B30AC95-88FE-DBD8-6551-59775C13D669}.Release|Any CPU.ActiveCfg = Release|Any CPU
		{3B30AC95-88FE-DBD8-6551-59775C13D669}.Release|Any CPU.Build.0 = Release|Any CPU
	EndGlobalSection
	GlobalSection(SolutionProperties) = preSolution
		HideSolutionNode = FALSE
	EndGlobalSection
EndGlobal
